
Microsoft Visual Studio Solution File, Format Version 12.00
# Visual Studio Version 16
VisualStudioVersion = 16.0.29728.190
MinimumVisualStudioVersion = 10.0.40219.1
Project("{FAE04EC0-301F-11D3-BF4B-00C04F79EFBC}") = "Core", "Core\Core.csproj", "{69963E71-3F1A-455F-A2FF-2DB1A8C618E3}"
EndProject
Project("{FAE04EC0-301F-11D3-BF4B-00C04F79EFBC}") = "Ecommerce.DataAccess", "Ecommerce.DataAccess\Ecommerce.DataAccess.csproj", "{35FC43E1-AA2C-4BB9-904F-CE3C85938156}"
EndProject
Project("{FAE04EC0-301F-11D3-BF4B-00C04F79EFBC}") = "Ecommerce.Business", "Ecommerce.Business\Ecommerce.Business.csproj", "{C2A5E250-C697-4C16-AF75-E7EF9BE60F26}"
EndProject
Project("{FAE04EC0-301F-11D3-BF4B-00C04F79EFBC}") = "Ecommerce.Entities", "Ecommerce.Entities\Ecommerce.Entities.csproj", "{817B1104-298A-4F82-9FB3-7D0FD1593989}"
EndProject
Project("{FAE04EC0-301F-11D3-BF4B-00C04F79EFBC}") = "Ecommerce.MvcWebUI", "Ecommerce.MvcWebUI\Ecommerce.MvcWebUI.csproj", "{5F60631E-0B28-4589-983E-B4590142F753}"
EndProject
Global
	GlobalSection(SolutionConfigurationPlatforms) = preSolution
		Debug|Any CPU = Debug|Any CPU
		Release|Any CPU = Release|Any CPU
	EndGlobalSection
	GlobalSection(ProjectConfigurationPlatforms) = postSolution
		{69963E71-3F1A-455F-A2FF-2DB1A8C618E3}.Debug|Any CPU.ActiveCfg = Debug|Any CPU
		{69963E71-3F1A-455F-A2FF-2DB1A8C618E3}.Debug|Any CPU.Build.0 = Debug|Any CPU
		{69963E71-3F1A-455F-A2FF-2DB1A8C618E3}.Release|Any CPU.ActiveCfg = Release|Any CPU
		{69963E71-3F1A-455F-A2FF-2DB1A8C618E3}.Release|Any CPU.Build.0 = Release|Any CPU
		{35FC43E1-AA2C-4BB9-904F-CE3C85938156}.Debug|Any CPU.ActiveCfg = Debug|Any CPU
		{35FC43E1-AA2C-4BB9-904F-CE3C85938156}.Debug|Any CPU.Build.0 = Debug|Any CPU
		{35FC43E1-AA2C-4BB9-904F-CE3C85938156}.Release|Any CPU.ActiveCfg = Release|Any CPU
		{35FC43E1-AA2C-4BB9-904F-CE3C85938156}.Release|Any CPU.Build.0 = Release|Any CPU
		{C2A5E250-C697-4C16-AF75-E7EF9BE60F26}.Debug|Any CPU.ActiveCfg = Debug|Any CPU
		{C2A5E250-C697-4C16-AF75-E7EF9BE60F26}.Debug|Any CPU.Build.0 = Debug|Any CPU
		{C2A5E250-C697-4C16-AF75-E7EF9BE60F26}.Release|Any CPU.ActiveCfg = Release|Any CPU
		{C2A5E250-C697-4C16-AF75-E7EF9BE60F26}.Release|Any CPU.Build.0 = Release|Any CPU
		{817B1104-298A-4F82-9FB3-7D0FD1593989}.Debug|Any CPU.ActiveCfg = Debug|Any CPU
		{817B1104-298A-4F82-9FB3-7D0FD1593989}.Debug|Any CPU.Build.0 = Debug|Any CPU
		{817B1104-298A-4F82-9FB3-7D0FD1593989}.Release|Any CPU.ActiveCfg = Release|Any CPU
		{817B1104-298A-4F82-9FB3-7D0FD1593989}.Release|Any CPU.Build.0 = Release|Any CPU
		{5F60631E-0B28-4589-983E-B4590142F753}.Debug|Any CPU.ActiveCfg = Debug|Any CPU
		{5F60631E-0B28-4589-983E-B4590142F753}.Debug|Any CPU.Build.0 = Debug|Any CPU
		{5F60631E-0B28-4589-983E-B4590142F753}.Release|Any CPU.ActiveCfg = Release|Any CPU
		{5F60631E-0B28-4589-983E-B4590142F753}.Release|Any CPU.Build.0 = Release|Any CPU
	EndGlobalSection
	GlobalSection(SolutionProperties) = preSolution
		HideSolutionNode = FALSE
	EndGlobalSection
	GlobalSection(ExtensibilityGlobals) = postSolution
		SolutionGuid = {D19FB93B-55A7-459F-86AD-32D710CBCD99}
	EndGlobalSection
EndGlobal
